{
  "requires": true,
  "lockfileVersion": 1,
  "dependencies": {
    "expression-calculator": {
      "version": "0.0.5",
      "resolved": "https://registry.npmjs.org/expression-calculator/-/expression-calculator-0.0.5.tgz",
      "integrity": "sha512-oIN47Enl58iWGDzzMKeZJO96llhQp1xiuCGSvHVeMCLSnSCWfaWdGm62Ily5K7wRfO44fSCf1ES/UxEeRfwivQ=="
    }
  }
}
